
Microsoft Visual Studio Solution File, Format Version 12.00
Project("{FAE04EC0-301F-11D3-BF4B-00C04F79EFBC}") = "advent_of_code", "advent_of_code.csproj", "{BD89F696-DD5D-4E84-87F5-B7B0F359AF2F}"
EndProject
Global
	GlobalSection(SolutionConfigurationPlatforms) = preSolution
		Debug|Any CPU = Debug|Any CPU
		Release|Any CPU = Release|Any CPU
	EndGlobalSection
	GlobalSection(ProjectConfigurationPlatforms) = postSolution
		{BD89F696-DD5D-4E84-87F5-B7B0F359AF2F}.Debug|Any CPU.ActiveCfg = Debug|Any CPU
		{BD89F696-DD5D-4E84-87F5-B7B0F359AF2F}.Debug|Any CPU.Build.0 = Debug|Any CPU
		{BD89F696-DD5D-4E84-87F5-B7B0F359AF2F}.Release|Any CPU.ActiveCfg = Release|Any CPU
		{BD89F696-DD5D-4E84-87F5-B7B0F359AF2F}.Release|Any CPU.Build.0 = Release|Any CPU
	EndGlobalSection
EndGlobal
